
Microsoft Visual Studio Solution File, Format Version 12.00
# Visual Studio 15
VisualStudioVersion = 15.0.28307.329
MinimumVisualStudioVersion = 10.0.40219.1
Project("{FAE04EC0-301F-11D3-BF4B-00C04F79EFBC}") = "NJV-2019Gen", "NJV-2019Gen\NJV-2019Gen.csproj", "{EF0952B1-1E92-48D0-BB65-7CC4B9A58C6F}"
EndProject
Global
	GlobalSection(SolutionConfigurationPlatforms) = preSolution
		Debug|Any CPU = Debug|Any CPU
		Release|Any CPU = Release|Any CPU
	EndGlobalSection
	GlobalSection(ProjectConfigurationPlatforms) = postSolution
		{EF0952B1-1E92-48D0-BB65-7CC4B9A58C6F}.Debug|Any CPU.ActiveCfg = Debug|Any CPU
		{EF0952B1-1E92-48D0-BB65-7CC4B9A58C6F}.Debug|Any CPU.Build.0 = Debug|Any CPU
		{EF0952B1-1E92-48D0-BB65-7CC4B9A58C6F}.Release|Any CPU.ActiveCfg = Release|Any CPU
		{EF0952B1-1E92-48D0-BB65-7CC4B9A58C6F}.Release|Any CPU.Build.0 = Release|Any CPU
	EndGlobalSection
	GlobalSection(SolutionProperties) = preSolution
		HideSolutionNode = FALSE
	EndGlobalSection
	GlobalSection(ExtensibilityGlobals) = postSolution
		SolutionGuid = {01E6B7F8-B3CA-4555-B557-2146B7E78F5F}
	EndGlobalSection
EndGlobal
